
Microsoft Visual Studio Solution File, Format Version 12.00
# Visual Studio Version 17
VisualStudioVersion = 17.14.36616.10 d17.14
MinimumVisualStudioVersion = 10.0.40219.1
Project("{FAE04EC0-301F-11D3-BF4B-00C04F79EFBC}") = "OpenGlWpf", "OpenGlWpf\OpenGlWpf.csproj", "{38F7CE29-BB97-4028-A139-403F30B00D10}"
EndProject
Global
	GlobalSection(SolutionConfigurationPlatforms) = preSolution
		Debug|Any CPU = Debug|Any CPU
		Release|Any CPU = Release|Any CPU
	EndGlobalSection
	GlobalSection(ProjectConfigurationPlatforms) = postSolution
		{38F7CE29-BB97-4028-A139-403F30B00D10}.Debug|Any CPU.ActiveCfg = Debug|Any CPU
		{38F7CE29-BB97-4028-A139-403F30B00D10}.Debug|Any CPU.Build.0 = Debug|Any CPU
		{38F7CE29-BB97-4028-A139-403F30B00D10}.Release|Any CPU.ActiveCfg = Release|Any CPU
		{38F7CE29-BB97-4028-A139-403F30B00D10}.Release|Any CPU.Build.0 = Release|Any CPU
	EndGlobalSection
	GlobalSection(SolutionProperties) = preSolution
		HideSolutionNode = FALSE
	EndGlobalSection
	GlobalSection(ExtensibilityGlobals) = postSolution
		SolutionGuid = {819070DF-1BD1-48A8-B2AF-C6B39F172216}
	EndGlobalSection
EndGlobal
